
Microsoft Visual Studio Solution File, Format Version 12.00
# Visual Studio 15
VisualStudioVersion = 15.0.28010.2003
MinimumVisualStudioVersion = 10.0.40219.1
Project("{FAE04EC0-301F-11D3-BF4B-00C04F79EFBC}") = "CS_DL_DPT", "CS_DL_DPT\CS_DL_DPT.csproj", "{C175ABB6-9C41-4DCC-ABAA-B767EBE276D9}"
EndProject
Global
	GlobalSection(SolutionConfigurationPlatforms) = preSolution
		Debug|Any CPU = Debug|Any CPU
		Release|Any CPU = Release|Any CPU
	EndGlobalSection
	GlobalSection(ProjectConfigurationPlatforms) = postSolution
		{C175ABB6-9C41-4DCC-ABAA-B767EBE276D9}.Debug|Any CPU.ActiveCfg = Debug|Any CPU
		{C175ABB6-9C41-4DCC-ABAA-B767EBE276D9}.Debug|Any CPU.Build.0 = Debug|Any CPU
		{C175ABB6-9C41-4DCC-ABAA-B767EBE276D9}.Release|Any CPU.ActiveCfg = Release|Any CPU
		{C175ABB6-9C41-4DCC-ABAA-B767EBE276D9}.Release|Any CPU.Build.0 = Release|Any CPU
	EndGlobalSection
	GlobalSection(SolutionProperties) = preSolution
		HideSolutionNode = FALSE
	EndGlobalSection
	GlobalSection(ExtensibilityGlobals) = postSolution
		SolutionGuid = {55D70153-AA60-47A7-B6BF-46D89CD4EB48}
	EndGlobalSection
EndGlobal
